
Microsoft Visual Studio Solution File, Format Version 12.00
# Visual Studio Version 16
VisualStudioVersion = 16.0.34601.136
MinimumVisualStudioVersion = 10.0.40219.1
Project("{8BC9CEB8-8B4A-11D0-8D11-00A0C91BC942}") = "ifelse", "ifelse.vcxproj", "{762ED888-31F3-4A58-BE46-07E7951CB758}"
EndProject
Global
	GlobalSection(SolutionConfigurationPlatforms) = preSolution
		Debug|x64 = Debug|x64
		Debug|x86 = Debug|x86
		Release|x64 = Release|x64
		Release|x86 = Release|x86
	EndGlobalSection
	GlobalSection(ProjectConfigurationPlatforms) = postSolution
		{762ED888-31F3-4A58-BE46-07E7951CB758}.Debug|x64.ActiveCfg = Debug|x64
		{762ED888-31F3-4A58-BE46-07E7951CB758}.Debug|x64.Build.0 = Debug|x64
		{762ED888-31F3-4A58-BE46-07E7951CB758}.Debug|x86.ActiveCfg = Debug|Win32
		{762ED888-31F3-4A58-BE46-07E7951CB758}.Debug|x86.Build.0 = Debug|Win32
		{762ED888-31F3-4A58-BE46-07E7951CB758}.Release|x64.ActiveCfg = Release|x64
		{762ED888-31F3-4A58-BE46-07E7951CB758}.Release|x64.Build.0 = Release|x64
		{762ED888-31F3-4A58-BE46-07E7951CB758}.Release|x86.ActiveCfg = Release|Win32
		{762ED888-31F3-4A58-BE46-07E7951CB758}.Release|x86.Build.0 = Release|Win32
	EndGlobalSection
	GlobalSection(SolutionProperties) = preSolution
		HideSolutionNode = FALSE
	EndGlobalSection
	GlobalSection(ExtensibilityGlobals) = postSolution
		SolutionGuid = {257E8A12-25E1-4B05-920B-A7C46F1863CE}
	EndGlobalSection
EndGlobal
